
Microsoft Visual Studio Solution File, Format Version 12.00
# Visual Studio Version 16
VisualStudioVersion = 16.0.30621.155
MinimumVisualStudioVersion = 10.0.40219.1
Project("{9A19103F-16F7-4668-BE54-9A1E7A4F7556}") = "ShopServer", "DoctorCSharpServer\ShopServer.csproj", "{19D0E6B3-EDBE-4596-AFD7-3D0A38BC0AE9}"
EndProject
Project("{9A19103F-16F7-4668-BE54-9A1E7A4F7556}") = "Commons", "Commons\Commons.csproj", "{BA4D9317-39AE-4DAE-A850-7A2749DA72CB}"
EndProject
Global
	GlobalSection(SolutionConfigurationPlatforms) = preSolution
		Debug|Any CPU = Debug|Any CPU
		Release|Any CPU = Release|Any CPU
	EndGlobalSection
	GlobalSection(ProjectConfigurationPlatforms) = postSolution
		{19D0E6B3-EDBE-4596-AFD7-3D0A38BC0AE9}.Debug|Any CPU.ActiveCfg = Debug|Any CPU
		{19D0E6B3-EDBE-4596-AFD7-3D0A38BC0AE9}.Debug|Any CPU.Build.0 = Debug|Any CPU
		{19D0E6B3-EDBE-4596-AFD7-3D0A38BC0AE9}.Release|Any CPU.ActiveCfg = Release|Any CPU
		{19D0E6B3-EDBE-4596-AFD7-3D0A38BC0AE9}.Release|Any CPU.Build.0 = Release|Any CPU
		{BA4D9317-39AE-4DAE-A850-7A2749DA72CB}.Debug|Any CPU.ActiveCfg = Debug|Any CPU
		{BA4D9317-39AE-4DAE-A850-7A2749DA72CB}.Debug|Any CPU.Build.0 = Debug|Any CPU
		{BA4D9317-39AE-4DAE-A850-7A2749DA72CB}.Release|Any CPU.ActiveCfg = Release|Any CPU
		{BA4D9317-39AE-4DAE-A850-7A2749DA72CB}.Release|Any CPU.Build.0 = Release|Any CPU
	EndGlobalSection
	GlobalSection(SolutionProperties) = preSolution
		HideSolutionNode = FALSE
	EndGlobalSection
	GlobalSection(ExtensibilityGlobals) = postSolution
		SolutionGuid = {D74965D5-3750-4B8B-BA1A-91B955662203}
	EndGlobalSection
EndGlobal
